
Microsoft Visual Studio Solution File, Format Version 12.00
# Visual Studio Version 17
VisualStudioVersion = 17.5.33627.172
MinimumVisualStudioVersion = 10.0.40219.1
Project("{FAE04EC0-301F-11D3-BF4B-00C04F79EFBC}") = "WordLib", "WordLib\WordLib.csproj", "{F7E02C7F-22C5-4F5B-BA6E-B1E67E6E7622}"
EndProject
Project("{FAE04EC0-301F-11D3-BF4B-00C04F79EFBC}") = "WordLibTests", "WordLibTests\WordLibTests.csproj", "{D7DCFC2E-F8D4-45EF-9A67-AEFCB40D3C62}"
EndProject
Global
	GlobalSection(SolutionConfigurationPlatforms) = preSolution
		Debug|Any CPU = Debug|Any CPU
		Release|Any CPU = Release|Any CPU
	EndGlobalSection
	GlobalSection(ProjectConfigurationPlatforms) = postSolution
		{F7E02C7F-22C5-4F5B-BA6E-B1E67E6E7622}.Debug|Any CPU.ActiveCfg = Debug|Any CPU
		{F7E02C7F-22C5-4F5B-BA6E-B1E67E6E7622}.Debug|Any CPU.Build.0 = Debug|Any CPU
		{F7E02C7F-22C5-4F5B-BA6E-B1E67E6E7622}.Release|Any CPU.ActiveCfg = Release|Any CPU
		{F7E02C7F-22C5-4F5B-BA6E-B1E67E6E7622}.Release|Any CPU.Build.0 = Release|Any CPU
		{D7DCFC2E-F8D4-45EF-9A67-AEFCB40D3C62}.Debug|Any CPU.ActiveCfg = Debug|Any CPU
		{D7DCFC2E-F8D4-45EF-9A67-AEFCB40D3C62}.Debug|Any CPU.Build.0 = Debug|Any CPU
		{D7DCFC2E-F8D4-45EF-9A67-AEFCB40D3C62}.Release|Any CPU.ActiveCfg = Release|Any CPU
		{D7DCFC2E-F8D4-45EF-9A67-AEFCB40D3C62}.Release|Any CPU.Build.0 = Release|Any CPU
	EndGlobalSection
	GlobalSection(SolutionProperties) = preSolution
		HideSolutionNode = FALSE
	EndGlobalSection
	GlobalSection(ExtensibilityGlobals) = postSolution
		SolutionGuid = {19E2E341-8D05-4571-964F-461A049E9994}
	EndGlobalSection
EndGlobal
